// !$*UTF8*$!
{
	archiveVersion = 1;
	classes = {
	};
	objectVersion = 46;
	objects = {

/* Begin PBXBuildFile section */
		212E8DE01D82A0FF0098C96D /* AppDelegate.swift in Sources */ = {isa = PBXBuildFile; fileRef = 212E8DDF1D82A0FF0098C96D /* AppDelegate.swift */; };
		212E8DE21D82A0FF0098C96D /* ViewController.swift in Sources */ = {isa = PBXBuildFile; fileRef = 212E8DE11D82A0FF0098C96D /* ViewController.swift */; };
		212E8DE51D82A0FF0098C96D /* Main.storyboard in Resources */ = {isa = PBXBuildFile; fileRef = 212E8DE31D82A0FF0098C96D /* Main.storyboard */; };
		212E8DE71D82A0FF0098C96D /* Assets.xcassets in Resources */ = {isa = PBXBuildFile; fileRef = 212E8DE61D82A0FF0098C96D /* Assets.xcassets */; };
		212E8DEA1D82A0FF0098C96D /* LaunchScreen.storyboard in Resources */ = {isa = PBXBuildFile; fileRef = 212E8DE81D82A0FF0098C96D /* LaunchScreen.storyboard */; };
		212E8DF51D82A0FF0098C96D /* XibDemoTests.swift in Sources */ = {isa = PBXBuildFile; fileRef = 212E8DF41D82A0FF0098C96D /* XibDemoTests.swift */; };
		212E8E001D82A0FF0098C96D /* XibDemoUITests.swift in Sources */ = {isa = PBXBuildFile; fileRef = 212E8DFF1D82A0FF0098C96D /* XibDemoUITests.swift */; };
		213E00BD1D82A59F009F44E7 /* ReadMe in Resources */ = {isa = PBXBuildFile; fileRef = 213E00AB1D82A59F009F44E7 /* ReadMe */; };
		213E00BE1D82A59F009F44E7 /* ReadMe in Resources */ = {isa = PBXBuildFile; fileRef = 213E00AE1D82A59F009F44E7 /* ReadMe */; };
		213E00BF1D82A59F009F44E7 /* ReadMe in Resources */ = {isa = PBXBuildFile; fileRef = 213E00B01D82A59F009F44E7 /* ReadMe */; };
		213E00C01D82A59F009F44E7 /* ReadMe in Resources */ = {isa = PBXBuildFile; fileRef = 213E00B31D82A59F009F44E7 /* ReadMe */; };
		213E00C11D82A59F009F44E7 /* ReadMe in Resources */ = {isa = PBXBuildFile; fileRef = 213E00B51D82A59F009F44E7 /* ReadMe */; };
		213E00C21D82A59F009F44E7 /* ReadMe in Resources */ = {isa = PBXBuildFile; fileRef = 213E00B81D82A59F009F44E7 /* ReadMe */; };
		213E00C31D82A59F009F44E7 /* local.strings in Resources */ = {isa = PBXBuildFile; fileRef = 213E00BA1D82A59F009F44E7 /* local.strings */; };
		213E00C41D82A59F009F44E7 /* ReadMe in Resources */ = {isa = PBXBuildFile; fileRef = 213E00BC1D82A59F009F44E7 /* ReadMe */; };
		213E00CA1D82A7DB009F44E7 /* ReadMe in Resources */ = {isa = PBXBuildFile; fileRef = 213E00C91D82A7DB009F44E7 /* ReadMe */; };
/* End PBXBuildFile section */

/* Begin PBXContainerItemProxy section */
		212E8DF11D82A0FF0098C96D /* PBXContainerItemProxy */ = {
			isa = PBXContainerItemProxy;
			containerPortal = 212E8DD41D82A0FE0098C96D /* Project object */;
			proxyType = 1;
			remoteGlobalIDString = 212E8DDB1D82A0FE0098C96D;
			remoteInfo = XibDemo;
		};
		212E8DFC1D82A0FF0098C96D /* PBXContainerItemProxy */ = {
			isa = PBXContainerItemProxy;
			containerPortal = 212E8DD41D82A0FE0098C96D /* Project object */;
			proxyType = 1;
			remoteGlobalIDString = 212E8DDB1D82A0FE0098C96D;
			remoteInfo = XibDemo;
		};
/* End PBXContainerItemProxy section */

/* Begin PBXFileReference section */
		212E8DDC1D82A0FE0098C96D /* XibDemo.app */ = {isa = PBXFileReference; explicitFileType = wrapper.application; includeInIndex = 0; path = XibDemo.app; sourceTree = BUILT_PRODUCTS_DIR; };
		212E8DDF1D82A0FF0098C96D /* AppDelegate.swift */ = {isa = PBXFileReference; lastKnownFileType = sourcecode.swift; path = AppDelegate.swift; sourceTree = "<group>"; };
		212E8DE11D82A0FF0098C96D /* ViewController.swift */ = {isa = PBXFileReference; lastKnownFileType = sourcecode.swift; path = ViewController.swift; sourceTree = "<group>"; };
		212E8DE41D82A0FF0098C96D /* Base */ = {isa = PBXFileReference; lastKnownFileType = file.storyboard; name = Base; path = Base.lproj/Main.storyboard; sourceTree = "<group>"; };
		212E8DE61D82A0FF0098C96D /* Assets.xcassets */ = {isa = PBXFileReference; lastKnownFileType = folder.assetcatalog; path = Assets.xcassets; sourceTree = "<group>"; };
		212E8DE91D82A0FF0098C96D /* Base */ = {isa = PBXFileReference; lastKnownFileType = file.storyboard; name = Base; path = Base.lproj/LaunchScreen.storyboard; sourceTree = "<group>"; };
		212E8DEB1D82A0FF0098C96D /* Info.plist */ = {isa = PBXFileReference; lastKnownFileType = text.plist.xml; path = Info.plist; sourceTree = "<group>"; };
		212E8DF01D82A0FF0098C96D /* XibDemoTests.xctest */ = {isa = PBXFileReference; explicitFileType = wrapper.cfbundle; includeInIndex = 0; path = XibDemoTests.xctest; sourceTree = BUILT_PRODUCTS_DIR; };
		212E8DF41D82A0FF0098C96D /* XibDemoTests.swift */ = {isa = PBXFileReference; lastKnownFileType = sourcecode.swift; path = XibDemoTests.swift; sourceTree = "<group>"; };
		212E8DF61D82A0FF0098C96D /* Info.plist */ = {isa = PBXFileReference; lastKnownFileType = text.plist.xml; path = Info.plist; sourceTree = "<group>"; };
		212E8DFB1D82A0FF0098C96D /* XibDemoUITests.xctest */ = {isa = PBXFileReference; explicitFileType = wrapper.cfbundle; includeInIndex = 0; path = XibDemoUITests.xctest; sourceTree = BUILT_PRODUCTS_DIR; };
		212E8DFF1D82A0FF0098C96D /* XibDemoUITests.swift */ = {isa = PBXFileReference; lastKnownFileType = sourcecode.swift; path = XibDemoUITests.swift; sourceTree = "<group>"; };
		212E8E011D82A0FF0098C96D /* Info.plist */ = {isa = PBXFileReference; lastKnownFileType = text.plist.xml; path = Info.plist; sourceTree = "<group>"; };
		213E00AB1D82A59F009F44E7 /* ReadMe */ = {isa = PBXFileReference; fileEncoding = 4; lastKnownFileType = text; path = ReadMe; sourceTree = "<group>"; };
		213E00AE1D82A59F009F44E7 /* ReadMe */ = {isa = PBXFileReference; fileEncoding = 4; lastKnownFileType = text; path = ReadMe; sourceTree = "<group>"; };
		213E00B01D82A59F009F44E7 /* ReadMe */ = {isa = PBXFileReference; fileEncoding = 4; lastKnownFileType = text; path = ReadMe; sourceTree = "<group>"; };
		213E00B31D82A59F009F44E7 /* ReadMe */ = {isa = PBXFileReference; fileEncoding = 4; lastKnownFileType = text; path = ReadMe; sourceTree = "<group>"; };
		213E00B51D82A59F009F44E7 /* ReadMe */ = {isa = PBXFileReference; fileEncoding = 4; lastKnownFileType = text; path = ReadMe; sourceTree = "<group>"; };
		213E00B81D82A59F009F44E7 /* ReadMe */ = {isa = PBXFileReference; fileEncoding = 4; lastKnownFileType = text; path = ReadMe; sourceTree = "<group>"; };
		213E00BA1D82A59F009F44E7 /* local.strings */ = {isa = PBXFileReference; fileEncoding = 4; lastKnownFileType = text.plist.strings; path = local.strings; sourceTree = "<group>"; };
		213E00BC1D82A59F009F44E7 /* ReadMe */ = {isa = PBXFileReference; fileEncoding = 4; lastKnownFileType = text; path = ReadMe; sourceTree = "<group>"; };
		213E00C51D82A721009F44E7 /* AppMacro.h */ = {isa = PBXFileReference; lastKnownFileType = sourcecode.c.h; path = AppMacro.h; sourceTree = "<group>"; };
		213E00C61D82A72F009F44E7 /* NotificationMacro.h */ = {isa = PBXFileReference; lastKnownFileType = sourcecode.c.h; path = NotificationMacro.h; sourceTree = "<group>"; };
		213E00C71D82A73D009F44E7 /* VendorMacro.h */ = {isa = PBXFileReference; lastKnownFileType = sourcecode.c.h; path = VendorMacro.h; sourceTree = "<group>"; };
		213E00C81D82A74E009F44E7 /* UtilsMacro.h */ = {isa = PBXFileReference; lastKnownFileType = sourcecode.c.h; path = UtilsMacro.h; sourceTree = "<group>"; };
		213E00C91D82A7DB009F44E7 /* ReadMe */ = {isa = PBXFileReference; fileEncoding = 4; lastKnownFileType = text; path = ReadMe; sourceTree = "<group>"; };
/* End PBXFileReference section */

/* Begin PBXFrameworksBuildPhase section */
		212E8DD91D82A0FE0098C96D /* Frameworks */ = {
			isa = PBXFrameworksBuildPhase;
			buildActionMask = 2147483647;
			files = (
			);
			runOnlyForDeploymentPostprocessing = 0;
		};
		212E8DED1D82A0FF0098C96D /* Frameworks */ = {
			isa = PBXFrameworksBuildPhase;
			buildActionMask = 2147483647;
			files = (
			);
			runOnlyForDeploymentPostprocessing = 0;
		};
		212E8DF81D82A0FF0098C96D /* Frameworks */ = {
			isa = PBXFrameworksBuildPhase;
			buildActionMask = 2147483647;
			files = (
			);
			runOnlyForDeploymentPostprocessing = 0;
		};
/* End PBXFrameworksBuildPhase section */

/* Begin PBXGroup section */
		212E8DD31D82A0FE0098C96D = {
			isa = PBXGroup;
			children = (
				212E8DDE1D82A0FF0098C96D /* XibDemo */,
				212E8DF31D82A0FF0098C96D /* XibDemoTests */,
				212E8DFE1D82A0FF0098C96D /* XibDemoUITests */,
				212E8DDD1D82A0FE0098C96D /* Products */,
			);
			sourceTree = "<group>";
		};
		212E8DDD1D82A0FE0098C96D /* Products */ = {
			isa = PBXGroup;
			children = (
				212E8DDC1D82A0FE0098C96D /* XibDemo.app */,
				212E8DF01D82A0FF0098C96D /* XibDemoTests.xctest */,
				212E8DFB1D82A0FF0098C96D /* XibDemoUITests.xctest */,
			);
			name = Products;
			sourceTree = "<group>";
		};
		212E8DDE1D82A0FF0098C96D /* XibDemo */ = {
			isa = PBXGroup;
			children = (
				212E8DDF1D82A0FF0098C96D /* AppDelegate.swift */,
				212E8DE11D82A0FF0098C96D /* ViewController.swift */,
				212E8DE31D82A0FF0098C96D /* Main.storyboard */,
				213E00A71D82A59F009F44E7 /* Business */,
				213E00B11D82A59F009F44E7 /* Public */,
				212E8DE61D82A0FF0098C96D /* Assets.xcassets */,
				212E8DE81D82A0FF0098C96D /* LaunchScreen.storyboard */,
				212E8DEB1D82A0FF0098C96D /* Info.plist */,
				213E00C91D82A7DB009F44E7 /* ReadMe */,
			);
			path = XibDemo;
			sourceTree = "<group>";
		};
		212E8DF31D82A0FF0098C96D /* XibDemoTests */ = {
			isa = PBXGroup;
			children = (
				212E8DF41D82A0FF0098C96D /* XibDemoTests.swift */,
				212E8DF61D82A0FF0098C96D /* Info.plist */,
			);
			path = XibDemoTests;
			sourceTree = "<group>";
		};
		212E8DFE1D82A0FF0098C96D /* XibDemoUITests */ = {
			isa = PBXGroup;
			children = (
				212E8DFF1D82A0FF0098C96D /* XibDemoUITests.swift */,
				212E8E011D82A0FF0098C96D /* Info.plist */,
			);
			path = XibDemoUITests;
			sourceTree = "<group>";
		};
		213E00A71D82A59F009F44E7 /* Business */ = {
			isa = PBXGroup;
			children = (
				213E00A81D82A59F009F44E7 /* General */,
				213E00AD1D82A59F009F44E7 /* Models */,
				213E00AF1D82A59F009F44E7 /* Sections */,
			);
			path = Business;
			sourceTree = "<group>";
		};
		213E00A81D82A59F009F44E7 /* General */ = {
			isa = PBXGroup;
			children = (
				213E00AB1D82A59F009F44E7 /* ReadMe */,
				213E00A91D82A59F009F44E7 /* Categories */,
				213E00AA1D82A59F009F44E7 /* Classes */,
				213E00AC1D82A59F009F44E7 /* Views */,
			);
			path = General;
			sourceTree = "<group>";
		};
		213E00A91D82A59F009F44E7 /* Categories */ = {
			isa = PBXGroup;
			children = (
			);
			path = Categories;
			sourceTree = "<group>";
		};
		213E00AA1D82A59F009F44E7 /* Classes */ = {
			isa = PBXGroup;
			children = (
			);
			path = Classes;
			sourceTree = "<group>";
		};
		213E00AC1D82A59F009F44E7 /* Views */ = {
			isa = PBXGroup;
			children = (
			);
			path = Views;
			sourceTree = "<group>";
		};
		213E00AD1D82A59F009F44E7 /* Models */ = {
			isa = PBXGroup;
			children = (
				213E00AE1D82A59F009F44E7 /* ReadMe */,
			);
			path = Models;
			sourceTree = "<group>";
		};
		213E00AF1D82A59F009F44E7 /* Sections */ = {
			isa = PBXGroup;
			children = (
				213E00B01D82A59F009F44E7 /* ReadMe */,
			);
			path = Sections;
			sourceTree = "<group>";
		};
		213E00B11D82A59F009F44E7 /* Public */ = {
			isa = PBXGroup;
			children = (
				213E00B21D82A59F009F44E7 /* Helpers */,
				213E00B41D82A59F009F44E7 /* Macro */,
				213E00B61D82A59F009F44E7 /* Resources */,
				213E00BB1D82A59F009F44E7 /* Vendors */,
			);
			path = Public;
			sourceTree = "<group>";
		};
		213E00B21D82A59F009F44E7 /* Helpers */ = {
			isa = PBXGroup;
			children = (
				213E00B31D82A59F009F44E7 /* ReadMe */,
			);
			path = Helpers;
			sourceTree = "<group>";
		};
		213E00B41D82A59F009F44E7 /* Macro */ = {
			isa = PBXGroup;
			children = (
				213E00B51D82A59F009F44E7 /* ReadMe */,
				213E00C51D82A721009F44E7 /* AppMacro.h */,
				213E00C61D82A72F009F44E7 /* NotificationMacro.h */,
				213E00C71D82A73D009F44E7 /* VendorMacro.h */,
				213E00C81D82A74E009F44E7 /* UtilsMacro.h */,
			);
			path = Macro;
			sourceTree = "<group>";
		};
		213E00B61D82A59F009F44E7 /* Resources */ = {
			isa = PBXGroup;
			children = (
				213E00B81D82A59F009F44E7 /* ReadMe */,
				213E00B71D82A59F009F44E7 /* BigPhoto */,
				213E00B91D82A59F009F44E7 /* Strings */,
			);
			path = Resources;
			sourceTree = "<group>";
		};
		213E00B71D82A59F009F44E7 /* BigPhoto */ = {
			isa = PBXGroup;
			children = (
			);
			path = BigPhoto;
			sourceTree = "<group>";
		};
		213E00B91D82A59F009F44E7 /* Strings */ = {
			isa = PBXGroup;
			children = (
				213E00BA1D82A59F009F44E7 /* local.strings */,
			);
			path = Strings;
			sourceTree = "<group>";
		};
		213E00BB1D82A59F009F44E7 /* Vendors */ = {
			isa = PBXGroup;
			children = (
				213E00BC1D82A59F009F44E7 /* ReadMe */,
			);
			path = Vendors;
			sourceTree = "<group>";
		};
/* End PBXGroup section */

/* Begin PBXNativeTarget section */
		212E8DDB1D82A0FE0098C96D /* XibDemo */ = {
			isa = PBXNativeTarget;
			buildConfigurationList = 212E8E041D82A0FF0098C96D /* Build configuration list for PBXNativeTarget "XibDemo" */;
			buildPhases = (
				212E8DD81D82A0FE0098C96D /* Sources */,
				212E8DD91D82A0FE0098C96D /* Frameworks */,
				212E8DDA1D82A0FE0098C96D /* Resources */,
			);
			buildRules = (
			);
			dependencies = (
			);
			name = XibDemo;
			productName = XibDemo;
			productReference = 212E8DDC1D82A0FE0098C96D /* XibDemo.app */;
			productType = "com.apple.product-type.application";
		};
		212E8DEF1D82A0FF0098C96D /* XibDemoTests */ = {
			isa = PBXNativeTarget;
			buildConfigurationList = 212E8E071D82A0FF0098C96D /* Build configuration list for PBXNativeTarget "XibDemoTests" */;
			buildPhases = (
				212E8DEC1D82A0FF0098C96D /* Sources */,
				212E8DED1D82A0FF0098C96D /* Frameworks */,
				212E8DEE1D82A0FF0098C96D /* Resources */,
			);
			buildRules = (
			);
			dependencies = (
				212E8DF21D82A0FF0098C96D /* PBXTargetDependency */,
			);
			name = XibDemoTests;
			productName = XibDemoTests;
			productReference = 212E8DF01D82A0FF0098C96D /* XibDemoTests.xctest */;
			productType = "com.apple.product-type.bundle.unit-test";
		};
		212E8DFA1D82A0FF0098C96D /* XibDemoUITests */ = {
			isa = PBXNativeTarget;
			buildConfigurationList = 212E8E0A1D82A0FF0098C96D /* Build configuration list for PBXNativeTarget "XibDemoUITests" */;
			buildPhases = (
				212E8DF71D82A0FF0098C96D /* Sources */,
				212E8DF81D82A0FF0098C96D /* Frameworks */,
				212E8DF91D82A0FF0098C96D /* Resources */,
			);
			buildRules = (
			);
			dependencies = (
				212E8DFD1D82A0FF0098C96D /* PBXTargetDependency */,
			);
			name = XibDemoUITests;
			productName = XibDemoUITests;
			productReference = 212E8DFB1D82A0FF0098C96D /* XibDemoUITests.xctest */;
			productType = "com.apple.product-type.bundle.ui-testing";
		};
/* End PBXNativeTarget section */

/* Begin PBXProject section */
		212E8DD41D82A0FE0098C96D /* Project object */ = {
			isa = PBXProject;
			attributes = {
				LastSwiftUpdateCheck = 0730;
				LastUpgradeCheck = 0730;
				ORGANIZATIONNAME = lawrence;
				TargetAttributes = {
					212E8DDB1D82A0FE0098C96D = {
						CreatedOnToolsVersion = 7.3.1;
					};
					212E8DEF1D82A0FF0098C96D = {
						CreatedOnToolsVersion = 7.3.1;
						TestTargetID = 212E8DDB1D82A0FE0098C96D;
					};
					212E8DFA1D82A0FF0098C96D = {
						CreatedOnToolsVersion = 7.3.1;
						TestTargetID = 212E8DDB1D82A0FE0098C96D;
					};
				};
			};
			buildConfigurationList = 212E8DD71D82A0FE0098C96D /* Build configuration list for PBXProject "XibDemo" */;
			compatibilityVersion = "Xcode 3.2";
			developmentRegion = English;
			hasScannedForEncodings = 0;
			knownRegions = (
				en,
				Base,
			);
			mainGroup = 212E8DD31D82A0FE0098C96D;
			productRefGroup = 212E8DDD1D82A0FE0098C96D /* Products */;
			projectDirPath = "";
			projectRoot = "";
			targets = (
				212E8DDB1D82A0FE0098C96D /* XibDemo */,
				212E8DEF1D82A0FF0098C96D /* XibDemoTests */,
				212E8DFA1D82A0FF0098C96D /* XibDemoUITests */,
			);
		};
/* End PBXProject section */

/* Begin PBXResourcesBuildPhase section */
		212E8DDA1D82A0FE0098C96D /* Resources */ = {
			isa = PBXResourcesBuildPhase;
			buildActionMask = 2147483647;
			files = (
				213E00BE1D82A59F009F44E7 /* ReadMe in Resources */,
				213E00BD1D82A59F009F44E7 /* ReadMe in Resources */,
				213E00C21D82A59F009F44E7 /* ReadMe in Resources */,
				213E00BF1D82A59F009F44E7 /* ReadMe in Resources */,
				212E8DEA1D82A0FF0098C96D /* LaunchScreen.storyboard in Resources */,
				213E00C11D82A59F009F44E7 /* ReadMe in Resources */,
				213E00C31D82A59F009F44E7 /* local.strings in Resources */,
				212E8DE71D82A0FF0098C96D /* Assets.xcassets in Resources */,
				213E00CA1D82A7DB009F44E7 /* ReadMe in Resources */,
				213E00C41D82A59F009F44E7 /* ReadMe in Resources */,
				213E00C01D82A59F009F44E7 /* ReadMe in Resources */,
				212E8DE51D82A0FF0098C96D /* Main.storyboard in Resources */,
			);
			runOnlyForDeploymentPostprocessing = 0;
		};
		212E8DEE1D82A0FF0098C96D /* Resources */ = {
			isa = PBXResourcesBuildPhase;
			buildActionMask = 2147483647;
			files = (
			);
			runOnlyForDeploymentPostprocessing = 0;
		};
		212E8DF91D82A0FF0098C96D /* Resources */ = {
			isa = PBXResourcesBuildPhase;
			buildActionMask = 2147483647;
			files = (
			);
			runOnlyForDeploymentPostprocessing = 0;
		};
/* End PBXResourcesBuildPhase section */

/* Begin PBXSourcesBuildPhase section */
		212E8DD81D82A0FE0098C96D /* Sources */ = {
			isa = PBXSourcesBuildPhase;
			buildActionMask = 2147483647;
			files = (
				212E8DE21D82A0FF0098C96D /* ViewController.swift in Sources */,
				212E8DE01D82A0FF0098C96D /* AppDelegate.swift in Sources */,
			);
			runOnlyForDeploymentPostprocessing = 0;
		};
		212E8DEC1D82A0FF0098C96D /* Sources */ = {
			isa = PBXSourcesBuildPhase;
			buildActionMask = 2147483647;
			files = (
				212E8DF51D82A0FF0098C96D /* XibDemoTests.swift in Sources */,
			);
			runOnlyForDeploymentPostprocessing = 0;
		};
		212E8DF71D82A0FF0098C96D /* Sources */ = {
			isa = PBXSourcesBuildPhase;
			buildActionMask = 2147483647;
			files = (
				212E8E001D82A0FF0098C96D /* XibDemoUITests.swift in Sources */,
			);
			runOnlyForDeploymentPostprocessing = 0;
		};
/* End PBXSourcesBuildPhase section */

/* Begin PBXTargetDependency section */
		212E8DF21D82A0FF0098C96D /* PBXTargetDependency */ = {
			isa = PBXTargetDependency;
			target = 212E8DDB1D82A0FE0098C96D /* XibDemo */;
			targetProxy = 212E8DF11D82A0FF0098C96D /* PBXContainerItemProxy */;
		};
		212E8DFD1D82A0FF0098C96D /* PBXTargetDependency */ = {
			isa = PBXTargetDependency;
			target = 212E8DDB1D82A0FE0098C96D /* XibDemo */;
			targetProxy = 212E8DFC1D82A0FF0098C96D /* PBXContainerItemProxy */;
		};
/* End PBXTargetDependency section */

/* Begin PBXVariantGroup section */
		212E8DE31D82A0FF0098C96D /* Main.storyboard */ = {
			isa = PBXVariantGroup;
			children = (
				212E8DE41D82A0FF0098C96D /* Base */,
			);
			name = Main.storyboard;
			sourceTree = "<group>";
		};
		212E8DE81D82A0FF0098C96D /* LaunchScreen.storyboard */ = {
			isa = PBXVariantGroup;
			children = (
				212E8DE91D82A0FF0098C96D /* Base */,
			);
			name = LaunchScreen.storyboard;
			sourceTree = "<group>";
		};
/* End PBXVariantGroup section */

/* Begin XCBuildConfiguration section */
		212E8E021D82A0FF0098C96D /* Debug */ = {
			isa = XCBuildConfiguration;
			buildSettings = {
				ALWAYS_SEARCH_USER_PATHS = NO;
				CLANG_ANALYZER_NONNULL = YES;
				CLANG_CXX_LANGUAGE_STANDARD = "gnu++0x";
				CLANG_CXX_LIBRARY = "libc++";
				CLANG_ENABLE_MODULES = YES;
				CLANG_ENABLE_OBJC_ARC = YES;
				CLANG_WARN_BOOL_CONVERSION = YES;
				CLANG_WARN_CONSTANT_CONVERSION = YES;
				CLANG_WARN_DIRECT_OBJC_ISA_USAGE = YES_ERROR;
				CLANG_WARN_EMPTY_BODY = YES;
				CLANG_WARN_ENUM_CONVERSION = YES;
				CLANG_WARN_INT_CONVERSION = YES;
				CLANG_WARN_OBJC_ROOT_CLASS = YES_ERROR;
				CLANG_WARN_UNREACHABLE_CODE = YES;
				CLANG_WARN__DUPLICATE_METHOD_MATCH = YES;
				"CODE_SIGN_IDENTITY[sdk=iphoneos*]" = "iPhone Developer";
				COPY_PHASE_STRIP = NO;
				DEBUG_INFORMATION_FORMAT = dwarf;
				ENABLE_STRICT_OBJC_MSGSEND = YES;
				ENABLE_TESTABILITY = YES;
				GCC_C_LANGUAGE_STANDARD = gnu99;
				GCC_DYNAMIC_NO_PIC = NO;
				GCC_NO_COMMON_BLOCKS = YES;
				GCC_OPTIMIZATION_LEVEL = 0;
				GCC_PREPROCESSOR_DEFINITIONS = (
					"DEBUG=1",
					"$(inherited)",
				);
				GCC_WARN_64_TO_32_BIT_CONVERSION = YES;
				GCC_WARN_ABOUT_RETURN_TYPE = YES_ERROR;
				GCC_WARN_UNDECLARED_SELECTOR = YES;
				GCC_WARN_UNINITIALIZED_AUTOS = YES_AGGRESSIVE;
				GCC_WARN_UNUSED_FUNCTION = YES;
				GCC_WARN_UNUSED_VARIABLE = YES;
				IPHONEOS_DEPLOYMENT_TARGET = 9.3;
				MTL_ENABLE_DEBUG_INFO = YES;
				ONLY_ACTIVE_ARCH = YES;
				SDKROOT = iphoneos;
				SWIFT_OPTIMIZATION_LEVEL = "-Onone";
				TARGETED_DEVICE_FAMILY = "1,2";
			};
			name = Debug;
		};
		212E8E031D82A0FF0098C96D /* Release */ = {
			isa = XCBuildConfiguration;
			buildSettings = {
				ALWAYS_SEARCH_USER_PATHS = NO;
				CLANG_ANALYZER_NONNULL = YES;
				CLANG_CXX_LANGUAGE_STANDARD = "gnu++0x";
				CLANG_CXX_LIBRARY = "libc++";
				CLANG_ENABLE_MODULES = YES;
				CLANG_ENABLE_OBJC_ARC = YES;
				CLANG_WARN_BOOL_CONVERSION = YES;
				CLANG_WARN_CONSTANT_CONVERSION = YES;
				CLANG_WARN_DIRECT_OBJC_ISA_USAGE = YES_ERROR;
				CLANG_WARN_EMPTY_BODY = YES;
				CLANG_WARN_ENUM_CONVERSION = YES;
				CLANG_WARN_INT_CONVERSION = YES;
				CLANG_WARN_OBJC_ROOT_CLASS = YES_ERROR;
				CLANG_WARN_UNREACHABLE_CODE = YES;
				CLANG_WARN__DUPLICATE_METHOD_MATCH = YES;
				"CODE_SIGN_IDENTITY[sdk=iphoneos*]" = "iPhone Developer";
				COPY_PHASE_STRIP = NO;
				DEBUG_INFORMATION_FORMAT = "dwarf-with-dsym";
				ENABLE_NS_ASSERTIONS = NO;
				ENABLE_STRICT_OBJC_MSGSEND = YES;
				GCC_C_LANGUAGE_STANDARD = gnu99;
				GCC_NO_COMMON_BLOCKS = YES;
				GCC_WARN_64_TO_32_BIT_CONVERSION = YES;
				GCC_WARN_ABOUT_RETURN_TYPE = YES_ERROR;
				GCC_WARN_UNDECLARED_SELECTOR = YES;
				GCC_WARN_UNINITIALIZED_AUTOS = YES_AGGRESSIVE;
				GCC_WARN_UNUSED_FUNCTION = YES;
				GCC_WARN_UNUSED_VARIABLE = YES;
				IPHONEOS_DEPLOYMENT_TARGET = 9.3;
				MTL_ENABLE_DEBUG_INFO = NO;
				SDKROOT = iphoneos;
				TARGETED_DEVICE_FAMILY = "1,2";
				VALIDATE_PRODUCT = YES;
			};
			name = Release;
		};
		212E8E051D82A0FF0098C96D /* Debug */ = {
			isa = XCBuildConfiguration;
			buildSettings = {
				ASSETCATALOG_COMPILER_APPICON_NAME = AppIcon;
				INFOPLIST_FILE = XibDemo/Info.plist;
				LD_RUNPATH_SEARCH_PATHS = "$(inherited) @executable_path/Frameworks";
				PRODUCT_BUNDLE_IDENTIFIER = amfloat.XibDemo;
				PRODUCT_NAME = "$(TARGET_NAME)";
			};
			name = Debug;
		};
		212E8E061D82A0FF0098C96D /* Release */ = {
			isa = XCBuildConfiguration;
			buildSettings = {
				ASSETCATALOG_COMPILER_APPICON_NAME = AppIcon;
				INFOPLIST_FILE = XibDemo/Info.plist;
				LD_RUNPATH_SEARCH_PATHS = "$(inherited) @executable_path/Frameworks";
				PRODUCT_BUNDLE_IDENTIFIER = amfloat.XibDemo;
				PRODUCT_NAME = "$(TARGET_NAME)";
			};
			name = Release;
		};
		212E8E081D82A0FF0098C96D /* Debug */ = {
			isa = XCBuildConfiguration;
			buildSettings = {
				BUNDLE_LOADER = "$(TEST_HOST)";
				INFOPLIST_FILE = XibDemoTests/Info.plist;
				LD_RUNPATH_SEARCH_PATHS = "$(inherited) @executable_path/Frameworks @loader_path/Frameworks";
				PRODUCT_BUNDLE_IDENTIFIER = amfloat.XibDemoTests;
				PRODUCT_NAME = "$(TARGET_NAME)";
				TEST_HOST = "$(BUILT_PRODUCTS_DIR)/XibDemo.app/XibDemo";
			};
			name = Debug;
		};
		212E8E091D82A0FF0098C96D /* Release */ = {
			isa = XCBuildConfiguration;
			buildSettings = {
				BUNDLE_LOADER = "$(TEST_HOST)";
				INFOPLIST_FILE = XibDemoTests/Info.plist;
				LD_RUNPATH_SEARCH_PATHS = "$(inherited) @executable_path/Frameworks @loader_path/Frameworks";
				PRODUCT_BUNDLE_IDENTIFIER = amfloat.XibDemoTests;
				PRODUCT_NAME = "$(TARGET_NAME)";
				TEST_HOST = "$(BUILT_PRODUCTS_DIR)/XibDemo.app/XibDemo";
			};
			name = Release;
		};
		212E8E0B1D82A0FF0098C96D /* Debug */ = {
			isa = XCBuildConfiguration;
			buildSettings = {
				INFOPLIST_FILE = XibDemoUITests/Info.plist;
				LD_RUNPATH_SEARCH_PATHS = "$(inherited) @executable_path/Frameworks @loader_path/Frameworks";
				PRODUCT_BUNDLE_IDENTIFIER = amfloat.XibDemoUITests;
				PRODUCT_NAME = "$(TARGET_NAME)";
				TEST_TARGET_NAME = XibDemo;
			};
			name = Debug;
		};
		212E8E0C1D82A0FF0098C96D /* Release */ = {
			isa = XCBuildConfiguration;
			buildSettings = {
				INFOPLIST_FILE = XibDemoUITests/Info.plist;
				LD_RUNPATH_SEARCH_PATHS = "$(inherited) @executable_path/Frameworks @loader_path/Frameworks";
				PRODUCT_BUNDLE_IDENTIFIER = amfloat.XibDemoUITests;
				PRODUCT_NAME = "$(TARGET_NAME)";
				TEST_TARGET_NAME = XibDemo;
			};
			name = Release;
		};
/* End XCBuildConfiguration section */

/* Begin XCConfigurationList section */
		212E8DD71D82A0FE0098C96D /* Build configuration list for PBXProject "XibDemo" */ = {
			isa = XCConfigurationList;
			buildConfigurations = (
				212E8E021D82A0FF0098C96D /* Debug */,
				212E8E031D82A0FF0098C96D /* Release */,
			);
			defaultConfigurationIsVisible = 0;
			defaultConfigurationName = Release;
		};
		212E8E041D82A0FF0098C96D /* Build configuration list for PBXNativeTarget "XibDemo" */ = {
			isa = XCConfigurationList;
			buildConfigurations = (
				212E8E051D82A0FF0098C96D /* Debug */,
				212E8E061D82A0FF0098C96D /* Release */,
			);
			defaultConfigurationIsVisible = 0;
			defaultConfigurationName = Release;
		};
		212E8E071D82A0FF0098C96D /* Build configuration list for PBXNativeTarget "XibDemoTests" */ = {
			isa = XCConfigurationList;
			buildConfigurations = (
				212E8E081D82A0FF0098C96D /* Debug */,
				212E8E091D82A0FF0098C96D /* Release */,
			);
			defaultConfigurationIsVisible = 0;
			defaultConfigurationName = Release;
		};
		212E8E0A1D82A0FF0098C96D /* Build configuration list for PBXNativeTarget "XibDemoUITests" */ = {
			isa = XCConfigurationList;
			buildConfigurations = (
				212E8E0B1D82A0FF0098C96D /* Debug */,
				212E8E0C1D82A0FF0098C96D /* Release */,
			);
			defaultConfigurationIsVisible = 0;
			defaultConfigurationName = Release;
		};
/* End XCConfigurationList section */
	};
	rootObject = 212E8DD41D82A0FE0098C96D /* Project object */;
}
